
Microsoft Visual Studio Solution File, Format Version 12.00
# Visual Studio Version 17
VisualStudioVersion = 17.12.35514.174
MinimumVisualStudioVersion = 10.0.40219.1
Project("{FAE04EC0-301F-11D3-BF4B-00C04F79EFBC}") = "MoBot", "MoBot\MoBot.csproj", "{765A6462-24FD-466E-8F3C-9F3F720428AE}"
EndProject
Project("{FAE04EC0-301F-11D3-BF4B-00C04F79EFBC}") = "MoBot.Core", "MoBot.Core\MoBot.Core.csproj", "{37C65197-C426-4B6E-BB68-E5F8D612943F}"
EndProject
Project("{FAE04EC0-301F-11D3-BF4B-00C04F79EFBC}") = "MoBot.Handle", "MoBot.Handle\MoBot.Handle.csproj", "{A6E01905-FEB3-4035-9F89-54995A036B82}"
EndProject
Project("{FAE04EC0-301F-11D3-BF4B-00C04F79EFBC}") = "BilibiliLive", "BilibiliLive\BilibiliLive.csproj", "{D5EA2799-87DB-4542-A78C-B64BAE34D28E}"
EndProject
Project("{FAE04EC0-301F-11D3-BF4B-00C04F79EFBC}") = "MoBot.Shared", "MoBot.Shared\MoBot.Shared.csproj", "{A602A662-8939-4C27-B030-87AB209B078A}"
EndProject
Project("{FAE04EC0-301F-11D3-BF4B-00C04F79EFBC}") = "MoBot.Test", "MoBot.Test\MoBot.Test.csproj", "{ABA741C7-38DA-402D-AA63-B6BF7A4C134B}"
EndProject
Project("{FAE04EC0-301F-11D3-BF4B-00C04F79EFBC}") = "DailyChat", "DailyChat\DailyChat.csproj", "{ED177A6F-2695-470C-BE9D-2C6BDB657E34}"
EndProject
Global
	GlobalSection(SolutionConfigurationPlatforms) = preSolution
		Debug|Any CPU = Debug|Any CPU
		Release|Any CPU = Release|Any CPU
	EndGlobalSection
	GlobalSection(ProjectConfigurationPlatforms) = postSolution
		{765A6462-24FD-466E-8F3C-9F3F720428AE}.Debug|Any CPU.ActiveCfg = Debug|Any CPU
		{765A6462-24FD-466E-8F3C-9F3F720428AE}.Debug|Any CPU.Build.0 = Debug|Any CPU
		{765A6462-24FD-466E-8F3C-9F3F720428AE}.Release|Any CPU.ActiveCfg = Release|Any CPU
		{765A6462-24FD-466E-8F3C-9F3F720428AE}.Release|Any CPU.Build.0 = Release|Any CPU
		{37C65197-C426-4B6E-BB68-E5F8D612943F}.Debug|Any CPU.ActiveCfg = Debug|Any CPU
		{37C65197-C426-4B6E-BB68-E5F8D612943F}.Debug|Any CPU.Build.0 = Debug|Any CPU
		{37C65197-C426-4B6E-BB68-E5F8D612943F}.Release|Any CPU.ActiveCfg = Release|Any CPU
		{37C65197-C426-4B6E-BB68-E5F8D612943F}.Release|Any CPU.Build.0 = Release|Any CPU
		{A6E01905-FEB3-4035-9F89-54995A036B82}.Debug|Any CPU.ActiveCfg = Debug|Any CPU
		{A6E01905-FEB3-4035-9F89-54995A036B82}.Debug|Any CPU.Build.0 = Debug|Any CPU
		{A6E01905-FEB3-4035-9F89-54995A036B82}.Release|Any CPU.ActiveCfg = Release|Any CPU
		{A6E01905-FEB3-4035-9F89-54995A036B82}.Release|Any CPU.Build.0 = Release|Any CPU
		{D5EA2799-87DB-4542-A78C-B64BAE34D28E}.Debug|Any CPU.ActiveCfg = Debug|Any CPU
		{D5EA2799-87DB-4542-A78C-B64BAE34D28E}.Debug|Any CPU.Build.0 = Debug|Any CPU
		{D5EA2799-87DB-4542-A78C-B64BAE34D28E}.Release|Any CPU.ActiveCfg = Release|Any CPU
		{D5EA2799-87DB-4542-A78C-B64BAE34D28E}.Release|Any CPU.Build.0 = Release|Any CPU
		{A602A662-8939-4C27-B030-87AB209B078A}.Debug|Any CPU.ActiveCfg = Debug|Any CPU
		{A602A662-8939-4C27-B030-87AB209B078A}.Debug|Any CPU.Build.0 = Debug|Any CPU
		{A602A662-8939-4C27-B030-87AB209B078A}.Release|Any CPU.ActiveCfg = Release|Any CPU
		{A602A662-8939-4C27-B030-87AB209B078A}.Release|Any CPU.Build.0 = Release|Any CPU
		{ABA741C7-38DA-402D-AA63-B6BF7A4C134B}.Debug|Any CPU.ActiveCfg = Debug|Any CPU
		{ABA741C7-38DA-402D-AA63-B6BF7A4C134B}.Debug|Any CPU.Build.0 = Debug|Any CPU
		{ABA741C7-38DA-402D-AA63-B6BF7A4C134B}.Release|Any CPU.ActiveCfg = Release|Any CPU
		{ABA741C7-38DA-402D-AA63-B6BF7A4C134B}.Release|Any CPU.Build.0 = Release|Any CPU
		{ED177A6F-2695-470C-BE9D-2C6BDB657E34}.Debug|Any CPU.ActiveCfg = Debug|Any CPU
		{ED177A6F-2695-470C-BE9D-2C6BDB657E34}.Debug|Any CPU.Build.0 = Debug|Any CPU
		{ED177A6F-2695-470C-BE9D-2C6BDB657E34}.Release|Any CPU.ActiveCfg = Release|Any CPU
		{ED177A6F-2695-470C-BE9D-2C6BDB657E34}.Release|Any CPU.Build.0 = Release|Any CPU
	EndGlobalSection
	GlobalSection(SolutionProperties) = preSolution
		HideSolutionNode = FALSE
	EndGlobalSection
	GlobalSection(ExtensibilityGlobals) = postSolution
		SolutionGuid = {02C257C1-1600-43F7-831B-D0C592A3DB71}
	EndGlobalSection
EndGlobal
